
Microsoft Visual Studio Solution File, Format Version 12.00
# Visual Studio Version 17
VisualStudioVersion = 17.8.0.0
MinimumVisualStudioVersion = 17.8.0.0
Project("{9A19103F-16F7-4668-BE54-9A1E7A4F7556}") = "AspireApp.AppHost", "AspireApp.AppHost\AspireApp.AppHost.csproj", "{BF8D0746-7989-4D96-9E25-445AD6862956}"
EndProject
Project("{9A19103F-16F7-4668-BE54-9A1E7A4F7556}") = "AspireApp.ServiceDefaults", "AspireApp.ServiceDefaults\AspireApp.ServiceDefaults.csproj", "{B7BA005C-10EF-4681-8D84-E02EE2A5621D}"
EndProject
Project("{9A19103F-16F7-4668-BE54-9A1E7A4F7556}") = "AspireApp.ApiService", "AspireApp.ApiService\AspireApp.ApiService.csproj", "{7B1700DF-F46A-4F82-8020-3C7B2B236E72}"
EndProject
Project("{9A19103F-16F7-4668-BE54-9A1E7A4F7556}") = "AspireApp.Web", "AspireApp.Web\AspireApp.Web.csproj", "{CACAADFB-90CD-4892-9F4E-F43EC0C10DED}"
EndProject
Project("{FAE04EC0-301F-11D3-BF4B-00C04F79EFBC}") = "AspireApp.Persistence", "AspireApp.Persistence\AspireApp.Persistence.csproj", "{4BE85878-804A-4F03-A510-59322CFA3D81}"
EndProject
Project("{FAE04EC0-301F-11D3-BF4B-00C04F79EFBC}") = "Labyrinthe", "Labyrinthe\Labyrinthe.csproj", "{8F6E2BE1-BDA5-41CE-B8D8-4743AED728CB}"
EndProject
Project("{FAE04EC0-301F-11D3-BF4B-00C04F79EFBC}") = "Labyrinthe.Tests", "Labyrinthe.Tests\Labyrinthe.Tests.csproj", "{C0E5187F-7BED-43F2-99CC-3F62968A17C8}"
EndProject
Global
	GlobalSection(SolutionConfigurationPlatforms) = preSolution
		Debug|Any CPU = Debug|Any CPU
		Debug|x64 = Debug|x64
		Debug|x86 = Debug|x86
		Release|Any CPU = Release|Any CPU
		Release|x64 = Release|x64
		Release|x86 = Release|x86
	EndGlobalSection
	GlobalSection(ProjectConfigurationPlatforms) = postSolution
		{BF8D0746-7989-4D96-9E25-445AD6862956}.Debug|Any CPU.ActiveCfg = Debug|Any CPU
		{BF8D0746-7989-4D96-9E25-445AD6862956}.Debug|Any CPU.Build.0 = Debug|Any CPU
		{BF8D0746-7989-4D96-9E25-445AD6862956}.Debug|x64.ActiveCfg = Debug|Any CPU
		{BF8D0746-7989-4D96-9E25-445AD6862956}.Debug|x64.Build.0 = Debug|Any CPU
		{BF8D0746-7989-4D96-9E25-445AD6862956}.Debug|x86.ActiveCfg = Debug|Any CPU
		{BF8D0746-7989-4D96-9E25-445AD6862956}.Debug|x86.Build.0 = Debug|Any CPU
		{BF8D0746-7989-4D96-9E25-445AD6862956}.Release|Any CPU.ActiveCfg = Release|Any CPU
		{BF8D0746-7989-4D96-9E25-445AD6862956}.Release|Any CPU.Build.0 = Release|Any CPU
		{BF8D0746-7989-4D96-9E25-445AD6862956}.Release|x64.ActiveCfg = Release|Any CPU
		{BF8D0746-7989-4D96-9E25-445AD6862956}.Release|x64.Build.0 = Release|Any CPU
		{BF8D0746-7989-4D96-9E25-445AD6862956}.Release|x86.ActiveCfg = Release|Any CPU
		{BF8D0746-7989-4D96-9E25-445AD6862956}.Release|x86.Build.0 = Release|Any CPU
		{B7BA005C-10EF-4681-8D84-E02EE2A5621D}.Debug|Any CPU.ActiveCfg = Debug|Any CPU
		{B7BA005C-10EF-4681-8D84-E02EE2A5621D}.Debug|Any CPU.Build.0 = Debug|Any CPU
		{B7BA005C-10EF-4681-8D84-E02EE2A5621D}.Debug|x64.ActiveCfg = Debug|Any CPU
		{B7BA005C-10EF-4681-8D84-E02EE2A5621D}.Debug|x64.Build.0 = Debug|Any CPU
		{B7BA005C-10EF-4681-8D84-E02EE2A5621D}.Debug|x86.ActiveCfg = Debug|Any CPU
		{B7BA005C-10EF-4681-8D84-E02EE2A5621D}.Debug|x86.Build.0 = Debug|Any CPU
		{B7BA005C-10EF-4681-8D84-E02EE2A5621D}.Release|Any CPU.ActiveCfg = Release|Any CPU
		{B7BA005C-10EF-4681-8D84-E02EE2A5621D}.Release|Any CPU.Build.0 = Release|Any CPU
		{B7BA005C-10EF-4681-8D84-E02EE2A5621D}.Release|x64.ActiveCfg = Release|Any CPU
		{B7BA005C-10EF-4681-8D84-E02EE2A5621D}.Release|x64.Build.0 = Release|Any CPU
		{B7BA005C-10EF-4681-8D84-E02EE2A5621D}.Release|x86.ActiveCfg = Release|Any CPU
		{B7BA005C-10EF-4681-8D84-E02EE2A5621D}.Release|x86.Build.0 = Release|Any CPU
		{7B1700DF-F46A-4F82-8020-3C7B2B236E72}.Debug|Any CPU.ActiveCfg = Debug|Any CPU
		{7B1700DF-F46A-4F82-8020-3C7B2B236E72}.Debug|Any CPU.Build.0 = Debug|Any CPU
		{7B1700DF-F46A-4F82-8020-3C7B2B236E72}.Debug|x64.ActiveCfg = Debug|Any CPU
		{7B1700DF-F46A-4F82-8020-3C7B2B236E72}.Debug|x64.Build.0 = Debug|Any CPU
		{7B1700DF-F46A-4F82-8020-3C7B2B236E72}.Debug|x86.ActiveCfg = Debug|Any CPU
		{7B1700DF-F46A-4F82-8020-3C7B2B236E72}.Debug|x86.Build.0 = Debug|Any CPU
		{7B1700DF-F46A-4F82-8020-3C7B2B236E72}.Release|Any CPU.ActiveCfg = Release|Any CPU
		{7B1700DF-F46A-4F82-8020-3C7B2B236E72}.Release|Any CPU.Build.0 = Release|Any CPU
		{7B1700DF-F46A-4F82-8020-3C7B2B236E72}.Release|x64.ActiveCfg = Release|Any CPU
		{7B1700DF-F46A-4F82-8020-3C7B2B236E72}.Release|x64.Build.0 = Release|Any CPU
		{7B1700DF-F46A-4F82-8020-3C7B2B236E72}.Release|x86.ActiveCfg = Release|Any CPU
		{7B1700DF-F46A-4F82-8020-3C7B2B236E72}.Release|x86.Build.0 = Release|Any CPU
		{CACAADFB-90CD-4892-9F4E-F43EC0C10DED}.Debug|Any CPU.ActiveCfg = Debug|Any CPU
		{CACAADFB-90CD-4892-9F4E-F43EC0C10DED}.Debug|Any CPU.Build.0 = Debug|Any CPU
		{CACAADFB-90CD-4892-9F4E-F43EC0C10DED}.Debug|x64.ActiveCfg = Debug|Any CPU
		{CACAADFB-90CD-4892-9F4E-F43EC0C10DED}.Debug|x64.Build.0 = Debug|Any CPU
		{CACAADFB-90CD-4892-9F4E-F43EC0C10DED}.Debug|x86.ActiveCfg = Debug|Any CPU
		{CACAADFB-90CD-4892-9F4E-F43EC0C10DED}.Debug|x86.Build.0 = Debug|Any CPU
		{CACAADFB-90CD-4892-9F4E-F43EC0C10DED}.Release|Any CPU.ActiveCfg = Release|Any CPU
		{CACAADFB-90CD-4892-9F4E-F43EC0C10DED}.Release|Any CPU.Build.0 = Release|Any CPU
		{CACAADFB-90CD-4892-9F4E-F43EC0C10DED}.Release|x64.ActiveCfg = Release|Any CPU
		{CACAADFB-90CD-4892-9F4E-F43EC0C10DED}.Release|x64.Build.0 = Release|Any CPU
		{CACAADFB-90CD-4892-9F4E-F43EC0C10DED}.Release|x86.ActiveCfg = Release|Any CPU
		{CACAADFB-90CD-4892-9F4E-F43EC0C10DED}.Release|x86.Build.0 = Release|Any CPU
		{4BE85878-804A-4F03-A510-59322CFA3D81}.Debug|Any CPU.ActiveCfg = Debug|Any CPU
		{4BE85878-804A-4F03-A510-59322CFA3D81}.Debug|Any CPU.Build.0 = Debug|Any CPU
		{4BE85878-804A-4F03-A510-59322CFA3D81}.Debug|x64.ActiveCfg = Debug|Any CPU
		{4BE85878-804A-4F03-A510-59322CFA3D81}.Debug|x64.Build.0 = Debug|Any CPU
		{4BE85878-804A-4F03-A510-59322CFA3D81}.Debug|x86.ActiveCfg = Debug|Any CPU
		{4BE85878-804A-4F03-A510-59322CFA3D81}.Debug|x86.Build.0 = Debug|Any CPU
		{4BE85878-804A-4F03-A510-59322CFA3D81}.Release|Any CPU.ActiveCfg = Release|Any CPU
		{4BE85878-804A-4F03-A510-59322CFA3D81}.Release|Any CPU.Build.0 = Release|Any CPU
		{4BE85878-804A-4F03-A510-59322CFA3D81}.Release|x64.ActiveCfg = Release|Any CPU
		{4BE85878-804A-4F03-A510-59322CFA3D81}.Release|x64.Build.0 = Release|Any CPU
		{4BE85878-804A-4F03-A510-59322CFA3D81}.Release|x86.ActiveCfg = Release|Any CPU
		{4BE85878-804A-4F03-A510-59322CFA3D81}.Release|x86.Build.0 = Release|Any CPU
		{8F6E2BE1-BDA5-41CE-B8D8-4743AED728CB}.Debug|Any CPU.ActiveCfg = Debug|Any CPU
		{8F6E2BE1-BDA5-41CE-B8D8-4743AED728CB}.Debug|Any CPU.Build.0 = Debug|Any CPU
		{8F6E2BE1-BDA5-41CE-B8D8-4743AED728CB}.Debug|x64.ActiveCfg = Debug|Any CPU
		{8F6E2BE1-BDA5-41CE-B8D8-4743AED728CB}.Debug|x64.Build.0 = Debug|Any CPU
		{8F6E2BE1-BDA5-41CE-B8D8-4743AED728CB}.Debug|x86.ActiveCfg = Debug|Any CPU
		{8F6E2BE1-BDA5-41CE-B8D8-4743AED728CB}.Debug|x86.Build.0 = Debug|Any CPU
		{8F6E2BE1-BDA5-41CE-B8D8-4743AED728CB}.Release|Any CPU.ActiveCfg = Release|Any CPU
		{8F6E2BE1-BDA5-41CE-B8D8-4743AED728CB}.Release|Any CPU.Build.0 = Release|Any CPU
		{8F6E2BE1-BDA5-41CE-B8D8-4743AED728CB}.Release|x64.ActiveCfg = Release|Any CPU
		{8F6E2BE1-BDA5-41CE-B8D8-4743AED728CB}.Release|x64.Build.0 = Release|Any CPU
		{8F6E2BE1-BDA5-41CE-B8D8-4743AED728CB}.Release|x86.ActiveCfg = Release|Any CPU
		{8F6E2BE1-BDA5-41CE-B8D8-4743AED728CB}.Release|x86.Build.0 = Release|Any CPU
		{C0E5187F-7BED-43F2-99CC-3F62968A17C8}.Debug|Any CPU.ActiveCfg = Debug|Any CPU
		{C0E5187F-7BED-43F2-99CC-3F62968A17C8}.Debug|Any CPU.Build.0 = Debug|Any CPU
		{C0E5187F-7BED-43F2-99CC-3F62968A17C8}.Debug|x64.ActiveCfg = Debug|Any CPU
		{C0E5187F-7BED-43F2-99CC-3F62968A17C8}.Debug|x64.Build.0 = Debug|Any CPU
		{C0E5187F-7BED-43F2-99CC-3F62968A17C8}.Debug|x86.ActiveCfg = Debug|Any CPU
		{C0E5187F-7BED-43F2-99CC-3F62968A17C8}.Debug|x86.Build.0 = Debug|Any CPU
		{C0E5187F-7BED-43F2-99CC-3F62968A17C8}.Release|Any CPU.ActiveCfg = Release|Any CPU
		{C0E5187F-7BED-43F2-99CC-3F62968A17C8}.Release|Any CPU.Build.0 = Release|Any CPU
		{C0E5187F-7BED-43F2-99CC-3F62968A17C8}.Release|x64.ActiveCfg = Release|Any CPU
		{C0E5187F-7BED-43F2-99CC-3F62968A17C8}.Release|x64.Build.0 = Release|Any CPU
		{C0E5187F-7BED-43F2-99CC-3F62968A17C8}.Release|x86.ActiveCfg = Release|Any CPU
		{C0E5187F-7BED-43F2-99CC-3F62968A17C8}.Release|x86.Build.0 = Release|Any CPU
	EndGlobalSection
	GlobalSection(SolutionProperties) = preSolution
		HideSolutionNode = FALSE
	EndGlobalSection
	GlobalSection(ExtensibilityGlobals) = postSolution
		SolutionGuid = {720B64D7-90D5-417B-8E20-F01D32574190}
	EndGlobalSection
EndGlobal
